
Microsoft Visual Studio Solution File, Format Version 12.00
# Visual Studio Version 17
VisualStudioVersion = 17.5.2.0
MinimumVisualStudioVersion = 10.0.40219.1
Project("{2150E333-8FDC-42A3-9474-1A3956D46DE8}") = "backend", "backend", "{1AE8ACA6-933B-BF2A-3671-3E2EAC007D16}"
EndProject
Project("{2150E333-8FDC-42A3-9474-1A3956D46DE8}") = "services", "services", "{3C755975-A7BD-44BC-C8F9-5B13F14529BF}"
EndProject
Project("{FAE04EC0-301F-11D3-BF4B-00C04F79EFBC}") = "SA.Tourism.Business.Models", "backend\services\SA.Tourism.Business.Models\SA.Tourism.Business.Models.csproj", "{CF8A9414-4F77-8B65-95B2-D37E5DE07643}"
EndProject
Project("{FAE04EC0-301F-11D3-BF4B-00C04F79EFBC}") = "SA.Tourism.Auth.Api", "backend\services\SA.Tourism.Auth.Api\SA.Tourism.Auth.Api.csproj", "{732E4AA0-0651-4B08-A3F0-A5C2561271BB}"
EndProject
Project("{FAE04EC0-301F-11D3-BF4B-00C04F79EFBC}") = "SA.Tourism.Business.Api", "backend\services\SA.Tourism.Business.Api\SA.Tourism.Business.Api.csproj", "{B6B2CB97-3E80-4721-97CB-E9C8C521BFCB}"
EndProject
Project("{FAE04EC0-301F-11D3-BF4B-00C04F79EFBC}") = "SA.Tourism.Business.Infrastructure", "backend\services\SA.Tourism.Business.Infrastructure\SA.Tourism.Business.Infrastructure.csproj", "{282BC1D6-ABBD-402F-9BDF-66FA8E2ABBD2}"
EndProject
Project("{FAE04EC0-301F-11D3-BF4B-00C04F79EFBC}") = "SA.Tourism.Business.Services", "backend\services\SA.Tourism.Business.Services\SA.Tourism.Business.Services.csproj", "{02C27059-800D-4CFB-8B9C-5661F108CC30}"
EndProject
Project("{FAE04EC0-301F-11D3-BF4B-00C04F79EFBC}") = "SA.Tourism.Business.Tests", "backend\services\SA.Tourism.Business.Tests\SA.Tourism.Business.Tests.csproj", "{54F19899-B5A7-4880-9505-D4657415BD91}"
EndProject
Project("{FAE04EC0-301F-11D3-BF4B-00C04F79EFBC}") = "SA.Tourism.Search.Api", "backend\services\SA.Tourism.Search.Api\SA.Tourism.Search.Api.csproj", "{584CBD27-4DF4-4C56-A0A1-2F40A876C716}"
EndProject
Project("{FAE04EC0-301F-11D3-BF4B-00C04F79EFBC}") = "SA.Tourism.Search.Models", "backend\services\SA.Tourism.Search.Models\SA.Tourism.Search.Models.csproj", "{50E19782-FEEA-4767-AE78-ECFF9FCDDAA8}"
EndProject
Project("{FAE04EC0-301F-11D3-BF4B-00C04F79EFBC}") = "SA.Tourism.Search.Services", "backend\services\SA.Tourism.Search.Services\SA.Tourism.Search.Services.csproj", "{E68678B9-C201-4BAF-ADB0-C231CF9C9111}"
EndProject
Project("{FAE04EC0-301F-11D3-BF4B-00C04F79EFBC}") = "SA.Tourism.Search.Tests", "backend\services\SA.Tourism.Search.Tests\SA.Tourism.Search.Tests.csproj", "{750CAECA-3857-49FB-8A10-0440502806DC}"
EndProject
Global
	GlobalSection(SolutionConfigurationPlatforms) = preSolution
		Debug|Any CPU = Debug|Any CPU
		Debug|x64 = Debug|x64
		Debug|x86 = Debug|x86
		Release|Any CPU = Release|Any CPU
		Release|x64 = Release|x64
		Release|x86 = Release|x86
	EndGlobalSection
	GlobalSection(ProjectConfigurationPlatforms) = postSolution
		{CF8A9414-4F77-8B65-95B2-D37E5DE07643}.Debug|Any CPU.ActiveCfg = Debug|Any CPU
		{CF8A9414-4F77-8B65-95B2-D37E5DE07643}.Debug|Any CPU.Build.0 = Debug|Any CPU
		{CF8A9414-4F77-8B65-95B2-D37E5DE07643}.Debug|x64.ActiveCfg = Debug|Any CPU
		{CF8A9414-4F77-8B65-95B2-D37E5DE07643}.Debug|x64.Build.0 = Debug|Any CPU
		{CF8A9414-4F77-8B65-95B2-D37E5DE07643}.Debug|x86.ActiveCfg = Debug|Any CPU
		{CF8A9414-4F77-8B65-95B2-D37E5DE07643}.Debug|x86.Build.0 = Debug|Any CPU
		{CF8A9414-4F77-8B65-95B2-D37E5DE07643}.Release|Any CPU.ActiveCfg = Release|Any CPU
		{CF8A9414-4F77-8B65-95B2-D37E5DE07643}.Release|Any CPU.Build.0 = Release|Any CPU
		{CF8A9414-4F77-8B65-95B2-D37E5DE07643}.Release|x64.ActiveCfg = Release|Any CPU
		{CF8A9414-4F77-8B65-95B2-D37E5DE07643}.Release|x64.Build.0 = Release|Any CPU
		{CF8A9414-4F77-8B65-95B2-D37E5DE07643}.Release|x86.ActiveCfg = Release|Any CPU
		{CF8A9414-4F77-8B65-95B2-D37E5DE07643}.Release|x86.Build.0 = Release|Any CPU
		{732E4AA0-0651-4B08-A3F0-A5C2561271BB}.Debug|Any CPU.ActiveCfg = Debug|Any CPU
		{732E4AA0-0651-4B08-A3F0-A5C2561271BB}.Debug|Any CPU.Build.0 = Debug|Any CPU
		{732E4AA0-0651-4B08-A3F0-A5C2561271BB}.Debug|x64.ActiveCfg = Debug|Any CPU
		{732E4AA0-0651-4B08-A3F0-A5C2561271BB}.Debug|x64.Build.0 = Debug|Any CPU
		{732E4AA0-0651-4B08-A3F0-A5C2561271BB}.Debug|x86.ActiveCfg = Debug|Any CPU
		{732E4AA0-0651-4B08-A3F0-A5C2561271BB}.Debug|x86.Build.0 = Debug|Any CPU
		{732E4AA0-0651-4B08-A3F0-A5C2561271BB}.Release|Any CPU.ActiveCfg = Release|Any CPU
		{732E4AA0-0651-4B08-A3F0-A5C2561271BB}.Release|Any CPU.Build.0 = Release|Any CPU
		{732E4AA0-0651-4B08-A3F0-A5C2561271BB}.Release|x64.ActiveCfg = Release|Any CPU
		{732E4AA0-0651-4B08-A3F0-A5C2561271BB}.Release|x64.Build.0 = Release|Any CPU
		{732E4AA0-0651-4B08-A3F0-A5C2561271BB}.Release|x86.ActiveCfg = Release|Any CPU
		{732E4AA0-0651-4B08-A3F0-A5C2561271BB}.Release|x86.Build.0 = Release|Any CPU
		{B6B2CB97-3E80-4721-97CB-E9C8C521BFCB}.Debug|Any CPU.ActiveCfg = Debug|Any CPU
		{B6B2CB97-3E80-4721-97CB-E9C8C521BFCB}.Debug|Any CPU.Build.0 = Debug|Any CPU
		{B6B2CB97-3E80-4721-97CB-E9C8C521BFCB}.Debug|x64.ActiveCfg = Debug|Any CPU
		{B6B2CB97-3E80-4721-97CB-E9C8C521BFCB}.Debug|x64.Build.0 = Debug|Any CPU
		{B6B2CB97-3E80-4721-97CB-E9C8C521BFCB}.Debug|x86.ActiveCfg = Debug|Any CPU
		{B6B2CB97-3E80-4721-97CB-E9C8C521BFCB}.Debug|x86.Build.0 = Debug|Any CPU
		{B6B2CB97-3E80-4721-97CB-E9C8C521BFCB}.Release|Any CPU.ActiveCfg = Release|Any CPU
		{B6B2CB97-3E80-4721-97CB-E9C8C521BFCB}.Release|Any CPU.Build.0 = Release|Any CPU
		{B6B2CB97-3E80-4721-97CB-E9C8C521BFCB}.Release|x64.ActiveCfg = Release|Any CPU
		{B6B2CB97-3E80-4721-97CB-E9C8C521BFCB}.Release|x64.Build.0 = Release|Any CPU
		{B6B2CB97-3E80-4721-97CB-E9C8C521BFCB}.Release|x86.ActiveCfg = Release|Any CPU
		{B6B2CB97-3E80-4721-97CB-E9C8C521BFCB}.Release|x86.Build.0 = Release|Any CPU
		{282BC1D6-ABBD-402F-9BDF-66FA8E2ABBD2}.Debug|Any CPU.ActiveCfg = Debug|Any CPU
		{282BC1D6-ABBD-402F-9BDF-66FA8E2ABBD2}.Debug|Any CPU.Build.0 = Debug|Any CPU
		{282BC1D6-ABBD-402F-9BDF-66FA8E2ABBD2}.Debug|x64.ActiveCfg = Debug|Any CPU
		{282BC1D6-ABBD-402F-9BDF-66FA8E2ABBD2}.Debug|x64.Build.0 = Debug|Any CPU
		{282BC1D6-ABBD-402F-9BDF-66FA8E2ABBD2}.Debug|x86.ActiveCfg = Debug|Any CPU
		{282BC1D6-ABBD-402F-9BDF-66FA8E2ABBD2}.Debug|x86.Build.0 = Debug|Any CPU
		{282BC1D6-ABBD-402F-9BDF-66FA8E2ABBD2}.Release|Any CPU.ActiveCfg = Release|Any CPU
		{282BC1D6-ABBD-402F-9BDF-66FA8E2ABBD2}.Release|Any CPU.Build.0 = Release|Any CPU
		{282BC1D6-ABBD-402F-9BDF-66FA8E2ABBD2}.Release|x64.ActiveCfg = Release|Any CPU
		{282BC1D6-ABBD-402F-9BDF-66FA8E2ABBD2}.Release|x64.Build.0 = Release|Any CPU
		{282BC1D6-ABBD-402F-9BDF-66FA8E2ABBD2}.Release|x86.ActiveCfg = Release|Any CPU
		{282BC1D6-ABBD-402F-9BDF-66FA8E2ABBD2}.Release|x86.Build.0 = Release|Any CPU
		{02C27059-800D-4CFB-8B9C-5661F108CC30}.Debug|Any CPU.ActiveCfg = Debug|Any CPU
		{02C27059-800D-4CFB-8B9C-5661F108CC30}.Debug|Any CPU.Build.0 = Debug|Any CPU
		{02C27059-800D-4CFB-8B9C-5661F108CC30}.Debug|x64.ActiveCfg = Debug|Any CPU
		{02C27059-800D-4CFB-8B9C-5661F108CC30}.Debug|x64.Build.0 = Debug|Any CPU
		{02C27059-800D-4CFB-8B9C-5661F108CC30}.Debug|x86.ActiveCfg = Debug|Any CPU
		{02C27059-800D-4CFB-8B9C-5661F108CC30}.Debug|x86.Build.0 = Debug|Any CPU
		{02C27059-800D-4CFB-8B9C-5661F108CC30}.Release|Any CPU.ActiveCfg = Release|Any CPU
		{02C27059-800D-4CFB-8B9C-5661F108CC30}.Release|Any CPU.Build.0 = Release|Any CPU
		{02C27059-800D-4CFB-8B9C-5661F108CC30}.Release|x64.ActiveCfg = Release|Any CPU
		{02C27059-800D-4CFB-8B9C-5661F108CC30}.Release|x64.Build.0 = Release|Any CPU
		{02C27059-800D-4CFB-8B9C-5661F108CC30}.Release|x86.ActiveCfg = Release|Any CPU
		{02C27059-800D-4CFB-8B9C-5661F108CC30}.Release|x86.Build.0 = Release|Any CPU
		{54F19899-B5A7-4880-9505-D4657415BD91}.Debug|Any CPU.ActiveCfg = Debug|Any CPU
		{54F19899-B5A7-4880-9505-D4657415BD91}.Debug|Any CPU.Build.0 = Debug|Any CPU
		{54F19899-B5A7-4880-9505-D4657415BD91}.Debug|x64.ActiveCfg = Debug|Any CPU
		{54F19899-B5A7-4880-9505-D4657415BD91}.Debug|x64.Build.0 = Debug|Any CPU
		{54F19899-B5A7-4880-9505-D4657415BD91}.Debug|x86.ActiveCfg = Debug|Any CPU
		{54F19899-B5A7-4880-9505-D4657415BD91}.Debug|x86.Build.0 = Debug|Any CPU
		{54F19899-B5A7-4880-9505-D4657415BD91}.Release|Any CPU.ActiveCfg = Release|Any CPU
		{54F19899-B5A7-4880-9505-D4657415BD91}.Release|Any CPU.Build.0 = Release|Any CPU
		{54F19899-B5A7-4880-9505-D4657415BD91}.Release|x64.ActiveCfg = Release|Any CPU
		{54F19899-B5A7-4880-9505-D4657415BD91}.Release|x64.Build.0 = Release|Any CPU
		{54F19899-B5A7-4880-9505-D4657415BD91}.Release|x86.ActiveCfg = Release|Any CPU
		{54F19899-B5A7-4880-9505-D4657415BD91}.Release|x86.Build.0 = Release|Any CPU
		{584CBD27-4DF4-4C56-A0A1-2F40A876C716}.Debug|Any CPU.ActiveCfg = Debug|Any CPU
		{584CBD27-4DF4-4C56-A0A1-2F40A876C716}.Debug|Any CPU.Build.0 = Debug|Any CPU
		{584CBD27-4DF4-4C56-A0A1-2F40A876C716}.Debug|x64.ActiveCfg = Debug|Any CPU
		{584CBD27-4DF4-4C56-A0A1-2F40A876C716}.Debug|x64.Build.0 = Debug|Any CPU
		{584CBD27-4DF4-4C56-A0A1-2F40A876C716}.Debug|x86.ActiveCfg = Debug|Any CPU
		{584CBD27-4DF4-4C56-A0A1-2F40A876C716}.Debug|x86.Build.0 = Debug|Any CPU
		{584CBD27-4DF4-4C56-A0A1-2F40A876C716}.Release|Any CPU.ActiveCfg = Release|Any CPU
		{584CBD27-4DF4-4C56-A0A1-2F40A876C716}.Release|Any CPU.Build.0 = Release|Any CPU
		{584CBD27-4DF4-4C56-A0A1-2F40A876C716}.Release|x64.ActiveCfg = Release|Any CPU
		{584CBD27-4DF4-4C56-A0A1-2F40A876C716}.Release|x64.Build.0 = Release|Any CPU
		{584CBD27-4DF4-4C56-A0A1-2F40A876C716}.Release|x86.ActiveCfg = Release|Any CPU
		{584CBD27-4DF4-4C56-A0A1-2F40A876C716}.Release|x86.Build.0 = Release|Any CPU
		{50E19782-FEEA-4767-AE78-ECFF9FCDDAA8}.Debug|Any CPU.ActiveCfg = Debug|Any CPU
		{50E19782-FEEA-4767-AE78-ECFF9FCDDAA8}.Debug|Any CPU.Build.0 = Debug|Any CPU
		{50E19782-FEEA-4767-AE78-ECFF9FCDDAA8}.Debug|x64.ActiveCfg = Debug|Any CPU
		{50E19782-FEEA-4767-AE78-ECFF9FCDDAA8}.Debug|x64.Build.0 = Debug|Any CPU
		{50E19782-FEEA-4767-AE78-ECFF9FCDDAA8}.Debug|x86.ActiveCfg = Debug|Any CPU
		{50E19782-FEEA-4767-AE78-ECFF9FCDDAA8}.Debug|x86.Build.0 = Debug|Any CPU
		{50E19782-FEEA-4767-AE78-ECFF9FCDDAA8}.Release|Any CPU.ActiveCfg = Release|Any CPU
		{50E19782-FEEA-4767-AE78-ECFF9FCDDAA8}.Release|Any CPU.Build.0 = Release|Any CPU
		{50E19782-FEEA-4767-AE78-ECFF9FCDDAA8}.Release|x64.ActiveCfg = Release|Any CPU
		{50E19782-FEEA-4767-AE78-ECFF9FCDDAA8}.Release|x64.Build.0 = Release|Any CPU
		{50E19782-FEEA-4767-AE78-ECFF9FCDDAA8}.Release|x86.ActiveCfg = Release|Any CPU
		{50E19782-FEEA-4767-AE78-ECFF9FCDDAA8}.Release|x86.Build.0 = Release|Any CPU
		{E68678B9-C201-4BAF-ADB0-C231CF9C9111}.Debug|Any CPU.ActiveCfg = Debug|Any CPU
		{E68678B9-C201-4BAF-ADB0-C231CF9C9111}.Debug|Any CPU.Build.0 = Debug|Any CPU
		{E68678B9-C201-4BAF-ADB0-C231CF9C9111}.Debug|x64.ActiveCfg = Debug|Any CPU
		{E68678B9-C201-4BAF-ADB0-C231CF9C9111}.Debug|x64.Build.0 = Debug|Any CPU
		{E68678B9-C201-4BAF-ADB0-C231CF9C9111}.Debug|x86.ActiveCfg = Debug|Any CPU
		{E68678B9-C201-4BAF-ADB0-C231CF9C9111}.Debug|x86.Build.0 = Debug|Any CPU
		{E68678B9-C201-4BAF-ADB0-C231CF9C9111}.Release|Any CPU.ActiveCfg = Release|Any CPU
		{E68678B9-C201-4BAF-ADB0-C231CF9C9111}.Release|Any CPU.Build.0 = Release|Any CPU
		{E68678B9-C201-4BAF-ADB0-C231CF9C9111}.Release|x64.ActiveCfg = Release|Any CPU
		{E68678B9-C201-4BAF-ADB0-C231CF9C9111}.Release|x64.Build.0 = Release|Any CPU
		{E68678B9-C201-4BAF-ADB0-C231CF9C9111}.Release|x86.ActiveCfg = Release|Any CPU
		{E68678B9-C201-4BAF-ADB0-C231CF9C9111}.Release|x86.Build.0 = Release|Any CPU
		{750CAECA-3857-49FB-8A10-0440502806DC}.Debug|Any CPU.ActiveCfg = Debug|Any CPU
		{750CAECA-3857-49FB-8A10-0440502806DC}.Debug|Any CPU.Build.0 = Debug|Any CPU
		{750CAECA-3857-49FB-8A10-0440502806DC}.Debug|x64.ActiveCfg = Debug|Any CPU
		{750CAECA-3857-49FB-8A10-0440502806DC}.Debug|x64.Build.0 = Debug|Any CPU
		{750CAECA-3857-49FB-8A10-0440502806DC}.Debug|x86.ActiveCfg = Debug|Any CPU
		{750CAECA-3857-49FB-8A10-0440502806DC}.Debug|x86.Build.0 = Debug|Any CPU
		{750CAECA-3857-49FB-8A10-0440502806DC}.Release|Any CPU.ActiveCfg = Release|Any CPU
		{750CAECA-3857-49FB-8A10-0440502806DC}.Release|Any CPU.Build.0 = Release|Any CPU
		{750CAECA-3857-49FB-8A10-0440502806DC}.Release|x64.ActiveCfg = Release|Any CPU
		{750CAECA-3857-49FB-8A10-0440502806DC}.Release|x64.Build.0 = Release|Any CPU
		{750CAECA-3857-49FB-8A10-0440502806DC}.Release|x86.ActiveCfg = Release|Any CPU
		{750CAECA-3857-49FB-8A10-0440502806DC}.Release|x86.Build.0 = Release|Any CPU
	EndGlobalSection
	GlobalSection(SolutionProperties) = preSolution
		HideSolutionNode = FALSE
	EndGlobalSection
	GlobalSection(NestedProjects) = preSolution
		{3C755975-A7BD-44BC-C8F9-5B13F14529BF} = {1AE8ACA6-933B-BF2A-3671-3E2EAC007D16}
		{CF8A9414-4F77-8B65-95B2-D37E5DE07643} = {3C755975-A7BD-44BC-C8F9-5B13F14529BF}
		{732E4AA0-0651-4B08-A3F0-A5C2561271BB} = {3C755975-A7BD-44BC-C8F9-5B13F14529BF}
		{B6B2CB97-3E80-4721-97CB-E9C8C521BFCB} = {3C755975-A7BD-44BC-C8F9-5B13F14529BF}
		{282BC1D6-ABBD-402F-9BDF-66FA8E2ABBD2} = {3C755975-A7BD-44BC-C8F9-5B13F14529BF}
		{02C27059-800D-4CFB-8B9C-5661F108CC30} = {3C755975-A7BD-44BC-C8F9-5B13F14529BF}
		{54F19899-B5A7-4880-9505-D4657415BD91} = {3C755975-A7BD-44BC-C8F9-5B13F14529BF}
		{584CBD27-4DF4-4C56-A0A1-2F40A876C716} = {3C755975-A7BD-44BC-C8F9-5B13F14529BF}
		{50E19782-FEEA-4767-AE78-ECFF9FCDDAA8} = {3C755975-A7BD-44BC-C8F9-5B13F14529BF}
		{E68678B9-C201-4BAF-ADB0-C231CF9C9111} = {3C755975-A7BD-44BC-C8F9-5B13F14529BF}
		{750CAECA-3857-49FB-8A10-0440502806DC} = {3C755975-A7BD-44BC-C8F9-5B13F14529BF}
	EndGlobalSection
	GlobalSection(ExtensibilityGlobals) = postSolution
		SolutionGuid = {22B6A3AC-1B23-4B54-A677-DF4E0BAB0590}
	EndGlobalSection
EndGlobal
